# THIS IS AN AUTOGENERATED FILE. DO NOT EDIT THIS FILE DIRECTLY.
# yarn lockfile v1
argsarray@0.0.1:
  version "0.0.1"
  resolved "https://registry.yarnpkg.com/argsarray/-/argsarray-0.0.1.tgz#6e7207b4ecdb39b0af88303fa5ae22bda8df61cb"

debug@2.2.0:
  version "2.2.0"
  resolved "https://registry.yarnpkg.com/debug/-/debug-2.2.0.tgz#f87057e995b1a1f6ae6a4960664137bc56f039da"
  dependencies:
    ms "0.7.1"

es6-promise-pool@2.4.4:
  version "2.4.4"
  resolved "https://registry.yarnpkg.com/es6-promise-pool/-/es6-promise-pool-2.4.4.tgz#2e3c4859d52add51852a14d13584a047f03f3dba"

immediate@~3.0.5:
  version "3.0.6"
  resolved "https://registry.yarnpkg.com/immediate/-/immediate-3.0.6.tgz#9db1dbd0faf8de6fbe0f5dd5e56bb606280de69b"

inherits@2.0.3:
  version "2.0.3"
  resolved "https://registry.yarnpkg.com/inherits/-/inherits-2.0.3.tgz#633c2c83e3da42a502f52466022480f4208261de"

lie@3.1.0:
  version "3.1.0"
  resolved "https://registry.yarnpkg.com/lie/-/lie-3.1.0.tgz#65e0139eaef9ae791a1f5c8c53692c8d3b4718f4"
  dependencies:
    immediate "~3.0.5"

ms@0.7.1:
  version "0.7.1"
  resolved "https://registry.yarnpkg.com/ms/-/ms-0.7.1.tgz#9cd13c03adbff25b65effde7ce864ee952017098"

pouchdb-browser@^6.0.7:
  version "6.0.7"
  resolved "https://registry.yarnpkg.com/pouchdb-browser/-/pouchdb-browser-6.0.7.tgz#8edb6f11cb4f77683d13e808f0be0709312f6772"
  dependencies:
    argsarray "0.0.1"
    debug "2.2.0"
    es6-promise-pool "2.4.4"
    inherits "2.0.3"
    lie "3.1.0"
    scope-eval "0.0.3"
    spark-md5 "2.0.2"
    vuvuzela "1.0.3"

scope-eval@0.0.3:
  version "0.0.3"
  resolved "https://registry.yarnpkg.com/scope-eval/-/scope-eval-0.0.3.tgz#166f2ccd1f3754429dec511805501f9d6923b5ec"

spark-md5@2.0.2:
  version "2.0.2"
  resolved "https://registry.yarnpkg.com/spark-md5/-/spark-md5-2.0.2.tgz#37b763847763ae7e7acef2ca5233d01e649a78b7"

tweetnacl@^0.14.3:
  version "0.14.4"
  resolved "https://registry.yarnpkg.com/tweetnacl/-/tweetnacl-0.14.4.tgz#8c9dbfb52795686f166cd2023794bcf103d13c2b"

vuvuzela@1.0.3:
  version "1.0.3"
  resolved "https://registry.yarnpkg.com/vuvuzela/-/vuvuzela-1.0.3.tgz#3be145e58271c73ca55279dd851f12a682114b0b"

